// !$*UTF8*$!
{
	archiveVersion = 1;
	classes = {
	};
	objectVersion = 50;
	objects = {

/* Begin PBXBuildFile section */
		0E081E03EC876DC10A9D9759 /* Pods_RxSwift_Examples.framework in Frameworks */ = {isa = PBXBuildFile; fileRef = 3FC64E5E5049A8192A005F27 /* Pods_RxSwift_Examples.framework */; };
		34106B6820B2583000F520E2 /* AppDelegate.swift in Sources */ = {isa = PBXBuildFile; fileRef = 34106B6720B2583000F520E2 /* AppDelegate.swift */; };
		34106B6D20B2583000F520E2 /* Main.storyboard in Resources */ = {isa = PBXBuildFile; fileRef = 34106B6B20B2583000F520E2 /* Main.storyboard */; };
		34106B6F20B2583000F520E2 /* Assets.xcassets in Resources */ = {isa = PBXBuildFile; fileRef = 34106B6E20B2583000F520E2 /* Assets.xcassets */; };
		34106B7220B2583000F520E2 /* LaunchScreen.storyboard in Resources */ = {isa = PBXBuildFile; fileRef = 34106B7020B2583000F520E2 /* LaunchScreen.storyboard */; };
		34106B7D20B25BD700F520E2 /* RootTableVC.swift in Sources */ = {isa = PBXBuildFile; fileRef = 34106B7C20B25BD700F520E2 /* RootTableVC.swift */; };
		34106B8020B25D7700F520E2 /* AddingNumbersVC.swift in Sources */ = {isa = PBXBuildFile; fileRef = 34106B7F20B25D7700F520E2 /* AddingNumbersVC.swift */; };
		3435F13120B263F5007029E3 /* AddingNumbers.storyboard in Resources */ = {isa = PBXBuildFile; fileRef = 3435F13020B263F5007029E3 /* AddingNumbers.storyboard */; };
		3435F13320B2701B007029E3 /* ParentVC.swift in Sources */ = {isa = PBXBuildFile; fileRef = 3435F13220B2701B007029E3 /* ParentVC.swift */; };
		3435F13620B294E0007029E3 /* SimpleValidationVC.swift in Sources */ = {isa = PBXBuildFile; fileRef = 3435F13520B294E0007029E3 /* SimpleValidationVC.swift */; };
		3435F13C20B29A9E007029E3 /* SimpleValidation.storyboard in Resources */ = {isa = PBXBuildFile; fileRef = 3435F13B20B29A9E007029E3 /* SimpleValidation.storyboard */; };
/* End PBXBuildFile section */

/* Begin PBXFileReference section */
		34106B6420B2582F00F520E2 /* RxSwift-Examples.app */ = {isa = PBXFileReference; explicitFileType = wrapper.application; includeInIndex = 0; path = "RxSwift-Examples.app"; sourceTree = BUILT_PRODUCTS_DIR; };
		34106B6720B2583000F520E2 /* AppDelegate.swift */ = {isa = PBXFileReference; lastKnownFileType = sourcecode.swift; path = AppDelegate.swift; sourceTree = "<group>"; };
		34106B6C20B2583000F520E2 /* Base */ = {isa = PBXFileReference; lastKnownFileType = file.storyboard; name = Base; path = Base.lproj/Main.storyboard; sourceTree = "<group>"; };
		34106B6E20B2583000F520E2 /* Assets.xcassets */ = {isa = PBXFileReference; lastKnownFileType = folder.assetcatalog; path = Assets.xcassets; sourceTree = "<group>"; };
		34106B7120B2583000F520E2 /* Base */ = {isa = PBXFileReference; lastKnownFileType = file.storyboard; name = Base; path = Base.lproj/LaunchScreen.storyboard; sourceTree = "<group>"; };
		34106B7320B2583000F520E2 /* Info.plist */ = {isa = PBXFileReference; lastKnownFileType = text.plist.xml; path = Info.plist; sourceTree = "<group>"; };
		34106B7C20B25BD700F520E2 /* RootTableVC.swift */ = {isa = PBXFileReference; lastKnownFileType = sourcecode.swift; path = RootTableVC.swift; sourceTree = "<group>"; };
		34106B7F20B25D7700F520E2 /* AddingNumbersVC.swift */ = {isa = PBXFileReference; lastKnownFileType = sourcecode.swift; path = AddingNumbersVC.swift; sourceTree = "<group>"; };
		3435F13020B263F5007029E3 /* AddingNumbers.storyboard */ = {isa = PBXFileReference; lastKnownFileType = file.storyboard; path = AddingNumbers.storyboard; sourceTree = "<group>"; };
		3435F13220B2701B007029E3 /* ParentVC.swift */ = {isa = PBXFileReference; lastKnownFileType = sourcecode.swift; path = ParentVC.swift; sourceTree = "<group>"; };
		3435F13520B294E0007029E3 /* SimpleValidationVC.swift */ = {isa = PBXFileReference; lastKnownFileType = sourcecode.swift; path = SimpleValidationVC.swift; sourceTree = "<group>"; };
		3435F13B20B29A9E007029E3 /* SimpleValidation.storyboard */ = {isa = PBXFileReference; lastKnownFileType = file.storyboard; path = SimpleValidation.storyboard; sourceTree = "<group>"; };
		3FC64E5E5049A8192A005F27 /* Pods_RxSwift_Examples.framework */ = {isa = PBXFileReference; explicitFileType = wrapper.framework; includeInIndex = 0; path = Pods_RxSwift_Examples.framework; sourceTree = BUILT_PRODUCTS_DIR; };
		8AC38F9486D6998BFF21AD20 /* Pods-RxSwift-Examples.release.xcconfig */ = {isa = PBXFileReference; includeInIndex = 1; lastKnownFileType = text.xcconfig; name = "Pods-RxSwift-Examples.release.xcconfig"; path = "Pods/Target Support Files/Pods-RxSwift-Examples/Pods-RxSwift-Examples.release.xcconfig"; sourceTree = "<group>"; };
		9CD45A569B764702ABB3B6DA /* Pods-RxSwift-Examples.debug.xcconfig */ = {isa = PBXFileReference; includeInIndex = 1; lastKnownFileType = text.xcconfig; name = "Pods-RxSwift-Examples.debug.xcconfig"; path = "Pods/Target Support Files/Pods-RxSwift-Examples/Pods-RxSwift-Examples.debug.xcconfig"; sourceTree = "<group>"; };
/* End PBXFileReference section */

/* Begin PBXFrameworksBuildPhase section */
		34106B6120B2582F00F520E2 /* Frameworks */ = {
			isa = PBXFrameworksBuildPhase;
			buildActionMask = 2147483647;
			files = (
				0E081E03EC876DC10A9D9759 /* Pods_RxSwift_Examples.framework in Frameworks */,
			);
			runOnlyForDeploymentPostprocessing = 0;
		};
/* End PBXFrameworksBuildPhase section */

/* Begin PBXGroup section */
		2D9B409E43085BBFC6EBDA45 /* Frameworks */ = {
			isa = PBXGroup;
			children = (
				3FC64E5E5049A8192A005F27 /* Pods_RxSwift_Examples.framework */,
			);
			name = Frameworks;
			sourceTree = "<group>";
		};
		34106B5B20B2582F00F520E2 = {
			isa = PBXGroup;
			children = (
				34106B6620B2583000F520E2 /* RxSwift-Examples */,
				34106B6520B2582F00F520E2 /* Products */,
				DE97C79FEAEE7EA5A863C706 /* Pods */,
				2D9B409E43085BBFC6EBDA45 /* Frameworks */,
			);
			sourceTree = "<group>";
		};
		34106B6520B2582F00F520E2 /* Products */ = {
			isa = PBXGroup;
			children = (
				34106B6420B2582F00F520E2 /* RxSwift-Examples.app */,
			);
			name = Products;
			sourceTree = "<group>";
		};
		34106B6620B2583000F520E2 /* RxSwift-Examples */ = {
			isa = PBXGroup;
			children = (
				34106B7A20B25B3B00F520E2 /* Main */,
				34106B7B20B25B4D00F520E2 /* Examples */,
				34106B7920B25A0F00F520E2 /* Assets */,
			);
			path = "RxSwift-Examples";
			sourceTree = "<group>";
		};
		34106B7920B25A0F00F520E2 /* Assets */ = {
			isa = PBXGroup;
			children = (
				34106B6720B2583000F520E2 /* AppDelegate.swift */,
				34106B6E20B2583000F520E2 /* Assets.xcassets */,
				34106B7020B2583000F520E2 /* LaunchScreen.storyboard */,
				34106B7320B2583000F520E2 /* Info.plist */,
			);
			path = Assets;
			sourceTree = "<group>";
		};
		34106B7A20B25B3B00F520E2 /* Main */ = {
			isa = PBXGroup;
			children = (
				34106B6B20B2583000F520E2 /* Main.storyboard */,
				34106B7C20B25BD700F520E2 /* RootTableVC.swift */,
				3435F13220B2701B007029E3 /* ParentVC.swift */,
			);
			path = Main;
			sourceTree = "<group>";
		};
		34106B7B20B25B4D00F520E2 /* Examples */ = {
			isa = PBXGroup;
			children = (
				3435F13420B294CA007029E3 /* SimpleValidation */,
				34106B7E20B25D3500F520E2 /* AddingNumbers */,
			);
			path = Examples;
			sourceTree = "<group>";
		};
		34106B7E20B25D3500F520E2 /* AddingNumbers */ = {
			isa = PBXGroup;
			children = (
				34106B7F20B25D7700F520E2 /* AddingNumbersVC.swift */,
				3435F13020B263F5007029E3 /* AddingNumbers.storyboard */,
			);
			path = AddingNumbers;
			sourceTree = "<group>";
		};
		3435F13420B294CA007029E3 /* SimpleValidation */ = {
			isa = PBXGroup;
			children = (
				3435F13520B294E0007029E3 /* SimpleValidationVC.swift */,
				3435F13B20B29A9E007029E3 /* SimpleValidation.storyboard */,
			);
			path = SimpleValidation;
			sourceTree = "<group>";
		};
		DE97C79FEAEE7EA5A863C706 /* Pods */ = {
			isa = PBXGroup;
			children = (
				9CD45A569B764702ABB3B6DA /* Pods-RxSwift-Examples.debug.xcconfig */,
				8AC38F9486D6998BFF21AD20 /* Pods-RxSwift-Examples.release.xcconfig */,
			);
			name = Pods;
			sourceTree = "<group>";
		};
/* End PBXGroup section */

/* Begin PBXNativeTarget section */
		34106B6320B2582F00F520E2 /* RxSwift-Examples */ = {
			isa = PBXNativeTarget;
			buildConfigurationList = 34106B7620B2583000F520E2 /* Build configuration list for PBXNativeTarget "RxSwift-Examples" */;
			buildPhases = (
				C4E17D73E32A45E355C2A699 /* [CP] Check Pods Manifest.lock */,
				34106B6020B2582F00F520E2 /* Sources */,
				34106B6120B2582F00F520E2 /* Frameworks */,
				34106B6220B2582F00F520E2 /* Resources */,
				2CF860970BD5AE2CBFA463DC /* [CP] Embed Pods Frameworks */,
				926DE264E49632D71CE57D17 /* [CP] Copy Pods Resources */,
			);
			buildRules = (
			);
			dependencies = (
			);
			name = "RxSwift-Examples";
			productName = "RxSwift-Examples";
			productReference = 34106B6420B2582F00F520E2 /* RxSwift-Examples.app */;
			productType = "com.apple.product-type.application";
		};
/* End PBXNativeTarget section */

/* Begin PBXProject section */
		34106B5C20B2582F00F520E2 /* Project object */ = {
			isa = PBXProject;
			attributes = {
				LastSwiftUpdateCheck = 0930;
				LastUpgradeCheck = 0930;
				ORGANIZATIONNAME = RonanStudio;
				TargetAttributes = {
					34106B6320B2582F00F520E2 = {
						CreatedOnToolsVersion = 9.3;
					};
				};
			};
			buildConfigurationList = 34106B5F20B2582F00F520E2 /* Build configuration list for PBXProject "RxSwift-Examples" */;
			compatibilityVersion = "Xcode 9.3";
			developmentRegion = en;
			hasScannedForEncodings = 0;
			knownRegions = (
				en,
				Base,
			);
			mainGroup = 34106B5B20B2582F00F520E2;
			productRefGroup = 34106B6520B2582F00F520E2 /* Products */;
			projectDirPath = "";
			projectRoot = "";
			targets = (
				34106B6320B2582F00F520E2 /* RxSwift-Examples */,
			);
		};
/* End PBXProject section */

/* Begin PBXResourcesBuildPhase section */
		34106B6220B2582F00F520E2 /* Resources */ = {
			isa = PBXResourcesBuildPhase;
			buildActionMask = 2147483647;
			files = (
				34106B7220B2583000F520E2 /* LaunchScreen.storyboard in Resources */,
				3435F13C20B29A9E007029E3 /* SimpleValidation.storyboard in Resources */,
				34106B6F20B2583000F520E2 /* Assets.xcassets in Resources */,
				3435F13120B263F5007029E3 /* AddingNumbers.storyboard in Resources */,
				34106B6D20B2583000F520E2 /* Main.storyboard in Resources */,
			);
			runOnlyForDeploymentPostprocessing = 0;
		};
/* End PBXResourcesBuildPhase section */

/* Begin PBXShellScriptBuildPhase section */
		2CF860970BD5AE2CBFA463DC /* [CP] Embed Pods Frameworks */ = {
			isa = PBXShellScriptBuildPhase;
			buildActionMask = 2147483647;
			files = (
			);
			inputPaths = (
				"${SRCROOT}/Pods/Target Support Files/Pods-RxSwift-Examples/Pods-RxSwift-Examples-frameworks.sh",
				"${BUILT_PRODUCTS_DIR}/RxCocoa/RxCocoa.framework",
				"${BUILT_PRODUCTS_DIR}/RxSwift/RxSwift.framework",
			);
			name = "[CP] Embed Pods Frameworks";
			outputPaths = (
				"${TARGET_BUILD_DIR}/${FRAMEWORKS_FOLDER_PATH}/RxCocoa.framework",
				"${TARGET_BUILD_DIR}/${FRAMEWORKS_FOLDER_PATH}/RxSwift.framework",
			);
			runOnlyForDeploymentPostprocessing = 0;
			shellPath = /bin/sh;
			shellScript = "\"${SRCROOT}/Pods/Target Support Files/Pods-RxSwift-Examples/Pods-RxSwift-Examples-frameworks.sh\"\n";
			showEnvVarsInLog = 0;
		};
		926DE264E49632D71CE57D17 /* [CP] Copy Pods Resources */ = {
			isa = PBXShellScriptBuildPhase;
			buildActionMask = 2147483647;
			files = (
			);
			inputPaths = (
			);
			name = "[CP] Copy Pods Resources";
			outputPaths = (
			);
			runOnlyForDeploymentPostprocessing = 0;
			shellPath = /bin/sh;
			shellScript = "\"${SRCROOT}/Pods/Target Support Files/Pods-RxSwift-Examples/Pods-RxSwift-Examples-resources.sh\"\n";
			showEnvVarsInLog = 0;
		};
		C4E17D73E32A45E355C2A699 /* [CP] Check Pods Manifest.lock */ = {
			isa = PBXShellScriptBuildPhase;
			buildActionMask = 2147483647;
			files = (
			);
			inputPaths = (
				"${PODS_PODFILE_DIR_PATH}/Podfile.lock",
				"${PODS_ROOT}/Manifest.lock",
			);
			name = "[CP] Check Pods Manifest.lock";
			outputPaths = (
				"$(DERIVED_FILE_DIR)/Pods-RxSwift-Examples-checkManifestLockResult.txt",
			);
			runOnlyForDeploymentPostprocessing = 0;
			shellPath = /bin/sh;
			shellScript = "diff \"${PODS_PODFILE_DIR_PATH}/Podfile.lock\" \"${PODS_ROOT}/Manifest.lock\" > /dev/null\nif [ $? != 0 ] ; then\n    # print error to STDERR\n    echo \"error: The sandbox is not in sync with the Podfile.lock. Run 'pod install' or update your CocoaPods installation.\" >&2\n    exit 1\nfi\n# This output is used by Xcode 'outputs' to avoid re-running this script phase.\necho \"SUCCESS\" > \"${SCRIPT_OUTPUT_FILE_0}\"\n";
			showEnvVarsInLog = 0;
		};
/* End PBXShellScriptBuildPhase section */

/* Begin PBXSourcesBuildPhase section */
		34106B6020B2582F00F520E2 /* Sources */ = {
			isa = PBXSourcesBuildPhase;
			buildActionMask = 2147483647;
			files = (
				3435F13320B2701B007029E3 /* ParentVC.swift in Sources */,
				3435F13620B294E0007029E3 /* SimpleValidationVC.swift in Sources */,
				34106B8020B25D7700F520E2 /* AddingNumbersVC.swift in Sources */,
				34106B6820B2583000F520E2 /* AppDelegate.swift in Sources */,
				34106B7D20B25BD700F520E2 /* RootTableVC.swift in Sources */,
			);
			runOnlyForDeploymentPostprocessing = 0;
		};
/* End PBXSourcesBuildPhase section */

/* Begin PBXVariantGroup section */
		34106B6B20B2583000F520E2 /* Main.storyboard */ = {
			isa = PBXVariantGroup;
			children = (
				34106B6C20B2583000F520E2 /* Base */,
			);
			name = Main.storyboard;
			sourceTree = "<group>";
		};
		34106B7020B2583000F520E2 /* LaunchScreen.storyboard */ = {
			isa = PBXVariantGroup;
			children = (
				34106B7120B2583000F520E2 /* Base */,
			);
			name = LaunchScreen.storyboard;
			sourceTree = "<group>";
		};
/* End PBXVariantGroup section */

/* Begin XCBuildConfiguration section */
		34106B7420B2583000F520E2 /* Debug */ = {
			isa = XCBuildConfiguration;
			buildSettings = {
				ALWAYS_SEARCH_USER_PATHS = NO;
				CLANG_ANALYZER_NONNULL = YES;
				CLANG_ANALYZER_NUMBER_OBJECT_CONVERSION = YES_AGGRESSIVE;
				CLANG_CXX_LANGUAGE_STANDARD = "gnu++14";
				CLANG_CXX_LIBRARY = "libc++";
				CLANG_ENABLE_MODULES = YES;
				CLANG_ENABLE_OBJC_ARC = YES;
				CLANG_ENABLE_OBJC_WEAK = YES;
				CLANG_WARN_BLOCK_CAPTURE_AUTORELEASING = YES;
				CLANG_WARN_BOOL_CONVERSION = YES;
				CLANG_WARN_COMMA = YES;
				CLANG_WARN_CONSTANT_CONVERSION = YES;
				CLANG_WARN_DEPRECATED_OBJC_IMPLEMENTATIONS = YES;
				CLANG_WARN_DIRECT_OBJC_ISA_USAGE = YES_ERROR;
				CLANG_WARN_DOCUMENTATION_COMMENTS = YES;
				CLANG_WARN_EMPTY_BODY = YES;
				CLANG_WARN_ENUM_CONVERSION = YES;
				CLANG_WARN_INFINITE_RECURSION = YES;
				CLANG_WARN_INT_CONVERSION = YES;
				CLANG_WARN_NON_LITERAL_NULL_CONVERSION = YES;
				CLANG_WARN_OBJC_IMPLICIT_RETAIN_SELF = YES;
				CLANG_WARN_OBJC_LITERAL_CONVERSION = YES;
				CLANG_WARN_OBJC_ROOT_CLASS = YES_ERROR;
				CLANG_WARN_RANGE_LOOP_ANALYSIS = YES;
				CLANG_WARN_STRICT_PROTOTYPES = YES;
				CLANG_WARN_SUSPICIOUS_MOVE = YES;
				CLANG_WARN_UNGUARDED_AVAILABILITY = YES_AGGRESSIVE;
				CLANG_WARN_UNREACHABLE_CODE = YES;
				CLANG_WARN__DUPLICATE_METHOD_MATCH = YES;
				CODE_SIGN_IDENTITY = "iPhone Developer";
				COPY_PHASE_STRIP = NO;
				DEBUG_INFORMATION_FORMAT = dwarf;
				ENABLE_STRICT_OBJC_MSGSEND = YES;
				ENABLE_TESTABILITY = YES;
				GCC_C_LANGUAGE_STANDARD = gnu11;
				GCC_DYNAMIC_NO_PIC = NO;
				GCC_NO_COMMON_BLOCKS = YES;
				GCC_OPTIMIZATION_LEVEL = 0;
				GCC_PREPROCESSOR_DEFINITIONS = (
					"DEBUG=1",
					"$(inherited)",
				);
				GCC_WARN_64_TO_32_BIT_CONVERSION = YES;
				GCC_WARN_ABOUT_RETURN_TYPE = YES_ERROR;
				GCC_WARN_UNDECLARED_SELECTOR = YES;
				GCC_WARN_UNINITIALIZED_AUTOS = YES_AGGRESSIVE;
				GCC_WARN_UNUSED_FUNCTION = YES;
				GCC_WARN_UNUSED_VARIABLE = YES;
				IPHONEOS_DEPLOYMENT_TARGET = 11.3;
				MTL_ENABLE_DEBUG_INFO = YES;
				ONLY_ACTIVE_ARCH = YES;
				SDKROOT = iphoneos;
				SWIFT_ACTIVE_COMPILATION_CONDITIONS = DEBUG;
				SWIFT_OPTIMIZATION_LEVEL = "-Onone";
			};
			name = Debug;
		};
		34106B7520B2583000F520E2 /* Release */ = {
			isa = XCBuildConfiguration;
			buildSettings = {
				ALWAYS_SEARCH_USER_PATHS = NO;
				CLANG_ANALYZER_NONNULL = YES;
				CLANG_ANALYZER_NUMBER_OBJECT_CONVERSION = YES_AGGRESSIVE;
				CLANG_CXX_LANGUAGE_STANDARD = "gnu++14";
				CLANG_CXX_LIBRARY = "libc++";
				CLANG_ENABLE_MODULES = YES;
				CLANG_ENABLE_OBJC_ARC = YES;
				CLANG_ENABLE_OBJC_WEAK = YES;
				CLANG_WARN_BLOCK_CAPTURE_AUTORELEASING = YES;
				CLANG_WARN_BOOL_CONVERSION = YES;
				CLANG_WARN_COMMA = YES;
				CLANG_WARN_CONSTANT_CONVERSION = YES;
				CLANG_WARN_DEPRECATED_OBJC_IMPLEMENTATIONS = YES;
				CLANG_WARN_DIRECT_OBJC_ISA_USAGE = YES_ERROR;
				CLANG_WARN_DOCUMENTATION_COMMENTS = YES;
				CLANG_WARN_EMPTY_BODY = YES;
				CLANG_WARN_ENUM_CONVERSION = YES;
				CLANG_WARN_INFINITE_RECURSION = YES;
				CLANG_WARN_INT_CONVERSION = YES;
				CLANG_WARN_NON_LITERAL_NULL_CONVERSION = YES;
				CLANG_WARN_OBJC_IMPLICIT_RETAIN_SELF = YES;
				CLANG_WARN_OBJC_LITERAL_CONVERSION = YES;
				CLANG_WARN_OBJC_ROOT_CLASS = YES_ERROR;
				CLANG_WARN_RANGE_LOOP_ANALYSIS = YES;
				CLANG_WARN_STRICT_PROTOTYPES = YES;
				CLANG_WARN_SUSPICIOUS_MOVE = YES;
				CLANG_WARN_UNGUARDED_AVAILABILITY = YES_AGGRESSIVE;
				CLANG_WARN_UNREACHABLE_CODE = YES;
				CLANG_WARN__DUPLICATE_METHOD_MATCH = YES;
				CODE_SIGN_IDENTITY = "iPhone Developer";
				COPY_PHASE_STRIP = NO;
				DEBUG_INFORMATION_FORMAT = "dwarf-with-dsym";
				ENABLE_NS_ASSERTIONS = NO;
				ENABLE_STRICT_OBJC_MSGSEND = YES;
				GCC_C_LANGUAGE_STANDARD = gnu11;
				GCC_NO_COMMON_BLOCKS = YES;
				GCC_WARN_64_TO_32_BIT_CONVERSION = YES;
				GCC_WARN_ABOUT_RETURN_TYPE = YES_ERROR;
				GCC_WARN_UNDECLARED_SELECTOR = YES;
				GCC_WARN_UNINITIALIZED_AUTOS = YES_AGGRESSIVE;
				GCC_WARN_UNUSED_FUNCTION = YES;
				GCC_WARN_UNUSED_VARIABLE = YES;
				IPHONEOS_DEPLOYMENT_TARGET = 11.3;
				MTL_ENABLE_DEBUG_INFO = NO;
				SDKROOT = iphoneos;
				SWIFT_COMPILATION_MODE = wholemodule;
				SWIFT_OPTIMIZATION_LEVEL = "-O";
				VALIDATE_PRODUCT = YES;
			};
			name = Release;
		};
		34106B7720B2583000F520E2 /* Debug */ = {
			isa = XCBuildConfiguration;
			baseConfigurationReference = 9CD45A569B764702ABB3B6DA /* Pods-RxSwift-Examples.debug.xcconfig */;
			buildSettings = {
				ASSETCATALOG_COMPILER_APPICON_NAME = AppIcon;
				CODE_SIGN_STYLE = Automatic;
				DEVELOPMENT_TEAM = 6SB824SJ7Y;
				INFOPLIST_FILE = "RxSwift-Examples/Assets/Info.plist";
				IPHONEOS_DEPLOYMENT_TARGET = 9.0;
				LD_RUNPATH_SEARCH_PATHS = (
					"$(inherited)",
					"@executable_path/Frameworks",
				);
				PRODUCT_BUNDLE_IDENTIFIER = "com.ronansparks.RxSwift-Examples";
				PRODUCT_NAME = "$(TARGET_NAME)";
				SWIFT_VERSION = 4.0;
				TARGETED_DEVICE_FAMILY = "1,2";
			};
			name = Debug;
		};
		34106B7820B2583000F520E2 /* Release */ = {
			isa = XCBuildConfiguration;
			baseConfigurationReference = 8AC38F9486D6998BFF21AD20 /* Pods-RxSwift-Examples.release.xcconfig */;
			buildSettings = {
				ASSETCATALOG_COMPILER_APPICON_NAME = AppIcon;
				CODE_SIGN_STYLE = Automatic;
				DEVELOPMENT_TEAM = 6SB824SJ7Y;
				INFOPLIST_FILE = "RxSwift-Examples/Assets/Info.plist";
				IPHONEOS_DEPLOYMENT_TARGET = 9.0;
				LD_RUNPATH_SEARCH_PATHS = (
					"$(inherited)",
					"@executable_path/Frameworks",
				);
				PRODUCT_BUNDLE_IDENTIFIER = "com.ronansparks.RxSwift-Examples";
				PRODUCT_NAME = "$(TARGET_NAME)";
				SWIFT_VERSION = 4.0;
				TARGETED_DEVICE_FAMILY = "1,2";
			};
			name = Release;
		};
/* End XCBuildConfiguration section */

/* Begin XCConfigurationList section */
		34106B5F20B2582F00F520E2 /* Build configuration list for PBXProject "RxSwift-Examples" */ = {
			isa = XCConfigurationList;
			buildConfigurations = (
				34106B7420B2583000F520E2 /* Debug */,
				34106B7520B2583000F520E2 /* Release */,
			);
			defaultConfigurationIsVisible = 0;
			defaultConfigurationName = Release;
		};
		34106B7620B2583000F520E2 /* Build configuration list for PBXNativeTarget "RxSwift-Examples" */ = {
			isa = XCConfigurationList;
			buildConfigurations = (
				34106B7720B2583000F520E2 /* Debug */,
				34106B7820B2583000F520E2 /* Release */,
			);
			defaultConfigurationIsVisible = 0;
			defaultConfigurationName = Release;
		};
/* End XCConfigurationList section */
	};
	rootObject = 34106B5C20B2582F00F520E2 /* Project object */;
}
